
Microsoft Visual Studio Solution File, Format Version 12.00
# Visual Studio Version 16
VisualStudioVersion = 16.0.30114.105
MinimumVisualStudioVersion = 10.0.40219.1
Project("{9A19103F-16F7-4668-BE54-9A1E7A4F7556}") = "PopBlog.Web", "src\PopBlog.Web\PopBlog.Web.csproj", "{8BE87874-6DB8-479E-8DC2-47700A39449A}"
EndProject
Project("{9A19103F-16F7-4668-BE54-9A1E7A4F7556}") = "PopBlog.Database", "src\PopBlog.Database\PopBlog.Database.csproj", "{5BB15436-82B5-4663-941B-6700C5A6D80E}"
EndProject
Project("{2150E333-8FDC-42A3-9474-1A3956D46DE8}") = "Solution Items", "Solution Items", "{C8316C5B-3622-4274-AD9F-F4A3CF28F2CB}"
	ProjectSection(SolutionItems) = preProject
		README.md = README.md
		.gitignore = .gitignore
	EndProjectSection
EndProject
Project("{9A19103F-16F7-4668-BE54-9A1E7A4F7556}") = "PopBlog.Mvc", "src\PopBlog.Mvc\PopBlog.Mvc.csproj", "{21D8DDC4-8FAA-49DC-B5E9-0FC579F2C199}"
EndProject
Project("{FAE04EC0-301F-11D3-BF4B-00C04F79EFBC}") = "PopBlog.Tests", "src\PopBlog.Tests\PopBlog.Tests.csproj", "{51380DA5-7D86-4366-B03B-FD69B0DDAF2D}"
EndProject
Global
	GlobalSection(SolutionConfigurationPlatforms) = preSolution
		Debug|Any CPU = Debug|Any CPU
		Release|Any CPU = Release|Any CPU
	EndGlobalSection
	GlobalSection(ProjectConfigurationPlatforms) = postSolution
		{8BE87874-6DB8-479E-8DC2-47700A39449A}.Debug|Any CPU.ActiveCfg = Debug|Any CPU
		{8BE87874-6DB8-479E-8DC2-47700A39449A}.Debug|Any CPU.Build.0 = Debug|Any CPU
		{8BE87874-6DB8-479E-8DC2-47700A39449A}.Release|Any CPU.ActiveCfg = Release|Any CPU
		{8BE87874-6DB8-479E-8DC2-47700A39449A}.Release|Any CPU.Build.0 = Release|Any CPU
		{5BB15436-82B5-4663-941B-6700C5A6D80E}.Debug|Any CPU.ActiveCfg = Debug|Any CPU
		{5BB15436-82B5-4663-941B-6700C5A6D80E}.Debug|Any CPU.Build.0 = Debug|Any CPU
		{5BB15436-82B5-4663-941B-6700C5A6D80E}.Release|Any CPU.ActiveCfg = Release|Any CPU
		{5BB15436-82B5-4663-941B-6700C5A6D80E}.Release|Any CPU.Build.0 = Release|Any CPU
		{21D8DDC4-8FAA-49DC-B5E9-0FC579F2C199}.Debug|Any CPU.ActiveCfg = Debug|Any CPU
		{21D8DDC4-8FAA-49DC-B5E9-0FC579F2C199}.Debug|Any CPU.Build.0 = Debug|Any CPU
		{21D8DDC4-8FAA-49DC-B5E9-0FC579F2C199}.Release|Any CPU.ActiveCfg = Release|Any CPU
		{21D8DDC4-8FAA-49DC-B5E9-0FC579F2C199}.Release|Any CPU.Build.0 = Release|Any CPU
		{51380DA5-7D86-4366-B03B-FD69B0DDAF2D}.Debug|Any CPU.ActiveCfg = Debug|Any CPU
		{51380DA5-7D86-4366-B03B-FD69B0DDAF2D}.Debug|Any CPU.Build.0 = Debug|Any CPU
		{51380DA5-7D86-4366-B03B-FD69B0DDAF2D}.Release|Any CPU.ActiveCfg = Release|Any CPU
		{51380DA5-7D86-4366-B03B-FD69B0DDAF2D}.Release|Any CPU.Build.0 = Release|Any CPU
	EndGlobalSection
	GlobalSection(SolutionProperties) = preSolution
		HideSolutionNode = FALSE
	EndGlobalSection
	GlobalSection(ExtensibilityGlobals) = postSolution
		SolutionGuid = {42210C65-ED3B-4E75-8AF0-69003F990D12}
	EndGlobalSection
EndGlobal
